{
  "name": "main",
  "version": "1.0.0",
  "lockfileVersion": 3,
  "requires": true,
  "packages": {
    "": {
      "name": "main",
      "version": "1.0.0",
      "license": "ISC",
      "dependencies": {
        "dotenv": "^16.3.1",
        "dotenv-flow": "^4.0.0",
        "git-variables": "^1.1.0"
      }
    },
    "node_modules/dotenv": {
      "version": "16.3.1",
      "resolved": "https://registry.npmjs.org/dotenv/-/dotenv-16.3.1.tgz",
      "integrity": "sha512-IPzF4w4/Rd94bA9imS68tZBaYyBWSCE47V1RGuMrB94iyTOIEwRmVL2x/4An+6mETpLrKJ5hQkB8W4kFAadeIQ==",
      "engines": {
        "node": ">=12"
      },
      "funding": {
        "url": "https://github.com/motdotla/dotenv?sponsor=1"
      }
    },
    "node_modules/dotenv-flow": {
      "version": "4.0.0",
      "resolved": "https://registry.npmjs.org/dotenv-flow/-/dotenv-flow-4.0.0.tgz",
      "integrity": "sha512-AzPaV3wNy14qLbaN/S70VHxiJaz3mI/r8mm6oD+6lPmq3qJFBw2+MUBXWujUujQ5PqtRa9v/hEWBEePSWlTRGg==",
      "dependencies": {
        "dotenv": "^16.0.0"
      },
      "engines": {
        "node": ">= 12.0.0"
      }
    },
    "node_modules/git-variables": {
      "version": "1.1.0",
      "resolved": "https://registry.npmjs.org/git-variables/-/git-variables-1.1.0.tgz",
      "integrity": "sha512-+8tKfFNzaMhKtsgQ63Qfk5M4ib4/209Py3y5+p0vGnw5swyN04ZJ93k2ELJ2OaZM82ZmlkI+H5PYjOvnwlM56g==",
      "engines": {
        "node": ">= 10",
        "npm": ">= 6"
      }
    }
  }
}
